{
  "projects": [
    {
      "projectId": "uunoEEDogHzkMXiHpEbU64",
      "version": "latest",
      "dependencies": {},
      "lang": "js",
      "fileLocks": [
        {
          "type": "globalVariant",
          "assetId": "H25uAOp1aQ6b",
          "checksum": "5991dee7e2068265e2e83c9da8530aea"
        },
        {
          "assetId": "uunoEEDogHzkMXiHpEbU64",
          "type": "projectCss",
          "checksum": "3ac1e22565ae39799cc0280a7e40a6fb"
        },
        {
          "type": "renderModule",
          "assetId": "78646OHncnd3",
          "checksum": "fa9a5be7bba9a0cc6884680829014366"
        },
        {
          "type": "cssRules",
          "assetId": "78646OHncnd3",
          "checksum": "fa9a5be7bba9a0cc6884680829014366"
        },
        {
          "type": "renderModule",
          "assetId": "ddKbSYWJnNzJ",
          "checksum": "e1e3bfdfc3854e1a870a83b880047880"
        },
        {
          "type": "cssRules",
          "assetId": "ddKbSYWJnNzJ",
          "checksum": "e1e3bfdfc3854e1a870a83b880047880"
        },
        {
          "type": "renderModule",
          "assetId": "727yRhPBX55h",
          "checksum": "70f4c1a8247ff9645fdaaa3736a95f77"
        },
        {
          "type": "cssRules",
          "assetId": "727yRhPBX55h",
          "checksum": "70f4c1a8247ff9645fdaaa3736a95f77"
        },
        {
          "type": "renderModule",
          "assetId": "6aP2U4alYtJI",
          "checksum": "fe2ab2f9c323ebaa9e83d704d965d0d0"
        },
        {
          "type": "cssRules",
          "assetId": "6aP2U4alYtJI",
          "checksum": "fe2ab2f9c323ebaa9e83d704d965d0d0"
        },
        {
          "type": "renderModule",
          "assetId": "STpLo0aBQ-DK",
          "checksum": "c9e941ceeca8120f55a45841de515d3c"
        },
        {
          "type": "cssRules",
          "assetId": "STpLo0aBQ-DK",
          "checksum": "c9e941ceeca8120f55a45841de515d3c"
        },
        {
          "type": "renderModule",
          "assetId": "V4ecTuxcF7vu",
          "checksum": "8ca8e3245577ec115f7f78872ac87b82"
        },
        {
          "type": "cssRules",
          "assetId": "V4ecTuxcF7vu",
          "checksum": "8ca8e3245577ec115f7f78872ac87b82"
        },
        {
          "type": "renderModule",
          "assetId": "-m4d9JXCb8vj",
          "checksum": "e237bd78f43c6f1ba5e3729bf7c516e5"
        },
        {
          "type": "cssRules",
          "assetId": "-m4d9JXCb8vj",
          "checksum": "e237bd78f43c6f1ba5e3729bf7c516e5"
        },
        {
          "type": "renderModule",
          "assetId": "qDnztiEl37q6",
          "checksum": "d2c82a3bfcba1de85d81c2ecbf883dbc"
        },
        {
          "type": "cssRules",
          "assetId": "qDnztiEl37q6",
          "checksum": "d2c82a3bfcba1de85d81c2ecbf883dbc"
        },
        {
          "type": "renderModule",
          "assetId": "b6046LC5jlXm",
          "checksum": "4654eaa0f4a43a0896e54de6f89c298a"
        },
        {
          "type": "cssRules",
          "assetId": "b6046LC5jlXm",
          "checksum": "4654eaa0f4a43a0896e54de6f89c298a"
        },
        {
          "type": "renderModule",
          "assetId": "CkP7MMho2GgB",
          "checksum": "1fd9677aec3f60bcb549c7c458d5384d"
        },
        {
          "type": "cssRules",
          "assetId": "CkP7MMho2GgB",
          "checksum": "1fd9677aec3f60bcb549c7c458d5384d"
        },
        {
          "type": "renderModule",
          "assetId": "1at-Qzm3VKS4",
          "checksum": "0a69dd19918268bb3db2a3a64d5fe189"
        },
        {
          "type": "cssRules",
          "assetId": "1at-Qzm3VKS4",
          "checksum": "0a69dd19918268bb3db2a3a64d5fe189"
        },
        {
          "type": "icon",
          "assetId": "VOuoDU-67imB",
          "checksum": "d07e6111c3a4856eaa0eb4956e5cd0f1"
        },
        {
          "type": "icon",
          "assetId": "16oyPGEWaP7l",
          "checksum": "4e3838b726bd2bfd58af6fc25a5e9385"
        },
        {
          "type": "icon",
          "assetId": "yHy-7AkkC8ou",
          "checksum": "8780a9753e75e5d5d4d1ed016cb5a18c"
        },
        {
          "type": "icon",
          "assetId": "LbrcOOEdi-w8",
          "checksum": "a5f9de69917c86c6ffd02a22edc1e163"
        },
        {
          "type": "icon",
          "assetId": "VWkutvvqtmgc",
          "checksum": "8f6eb99dd8dacc100c92161b93315b79"
        },
        {
          "type": "icon",
          "assetId": "Wgjw8pCDSDGD",
          "checksum": "9e8b9363bae624130bec4c116ef333cb"
        },
        {
          "type": "icon",
          "assetId": "vXAR6zvWL8sL",
          "checksum": "5f1bd7fd9ed97451d646751fd94bbcf5"
        },
        {
          "type": "icon",
          "assetId": "7M-e8TjDKINz",
          "checksum": "83c4da562ac89f06826b7240dbea5159"
        },
        {
          "type": "icon",
          "assetId": "-_TM0Q1qL5qg",
          "checksum": "7433f8e2ab7d7eb215ca16d8ea7fe482"
        },
        {
          "type": "image",
          "assetId": "nLtA2u8nwuO0",
          "checksum": "a906833265e38dcd0943a4d38bb1a7b2"
        },
        {
          "type": "image",
          "assetId": "uwptPryRRVOt",
          "checksum": "42d6c489e1e931579404e96166e831c8"
        },
        {
          "type": "image",
          "assetId": "bP38KdA2Psf-",
          "checksum": "e1fea7f087e0c772de69bee3a240e197"
        },
        {
          "type": "image",
          "assetId": "wj5x0eYdokF_",
          "checksum": "ff21d098ef6c3bbf877f699a10a924bd"
        },
        {
          "type": "image",
          "assetId": "MqbKEOuVS_iv",
          "checksum": "2bf82c39a197861590eba8e2255ba170"
        },
        {
          "type": "image",
          "assetId": "80tT5Cj5_pCt",
          "checksum": "a444906511177b0dab637adc443318f0"
        },
        {
          "type": "image",
          "assetId": "eDpdXabOx386",
          "checksum": "5076b1596204d03156f76f22fe1d2dc3"
        },
        {
          "type": "image",
          "assetId": "Cc7zArUEhJ8L",
          "checksum": "3c33f528e8233830d4ebddd623c9a004"
        },
        {
          "type": "image",
          "assetId": "ecXlj66hIaIs",
          "checksum": "06e44acab8358f0f56ad9902bcd15f76"
        },
        {
          "type": "image",
          "assetId": "UXPIATzPsJPE",
          "checksum": "de146e3cf45e54b2a6aa38d87716ca61"
        },
        {
          "type": "image",
          "assetId": "HkHVKxZ4cNt_",
          "checksum": "a48f07cb3c109cdc18b4a2a540a8db86"
        },
        {
          "type": "image",
          "assetId": "Aq4L7DCs5J0k",
          "checksum": "fb06743a310ed1cf4dcd35447c38427c"
        },
        {
          "type": "image",
          "assetId": "byS8Ua5tuV6P",
          "checksum": "4f17ab3fd34e5829658997034470e888"
        },
        {
          "type": "image",
          "assetId": "fQcfRvjtzunR",
          "checksum": "05bda6f2adb7d9b8707dd2bd8b164300"
        },
        {
          "type": "image",
          "assetId": "5t6-e7OqusBO",
          "checksum": "89c6df061b273092a5b140906a4cfb5a"
        },
        {
          "type": "image",
          "assetId": "QGLspwL4zJLt",
          "checksum": "b341f00faf91a6570587c44b04b679ab"
        },
        {
          "type": "image",
          "assetId": "ZhpePWsPWqRQ",
          "checksum": "bbaa24e32700a6d72d92b73d1f02400b"
        },
        {
          "type": "image",
          "assetId": "YEyrfwEmLOZ7",
          "checksum": "6fc56ee38607c32107cdd9a52136cec6"
        },
        {
          "type": "image",
          "assetId": "ST6bTNJfSsJw",
          "checksum": "45c10709d1616feefa1cb88ac112d1bf"
        },
        {
          "type": "image",
          "assetId": "7kQqR8GcoACh",
          "checksum": "40bab0bdcb30689652e6d05822b1a13a"
        },
        {
          "type": "image",
          "assetId": "xLIFRV_egWHh",
          "checksum": "fd604e61fccac994e0215f04c34fcaa3"
        },
        {
          "type": "image",
          "assetId": "cC6cEtNdVvor",
          "checksum": "e813921a1c88395086d371d0b829e7ca"
        },
        {
          "type": "image",
          "assetId": "fpekixow7ZjL",
          "checksum": "0c9ab3e664dea775987d2d715440975e"
        },
        {
          "type": "image",
          "assetId": "VJpCEeSKnq90",
          "checksum": "b671038139e0f82dd4cd76878475f335"
        },
        {
          "type": "image",
          "assetId": "QWD5A7KH-_wq",
          "checksum": "e83625e5757a4760232084a5ea1f8536"
        },
        {
          "type": "image",
          "assetId": "TiHrAc_8pRe_",
          "checksum": "53175baa852843fbe954a265cfafb2c2"
        },
        {
          "type": "image",
          "assetId": "w7l23aWPcBmE",
          "checksum": "c71cc662639bde905d27c80f6725cd50"
        },
        {
          "type": "image",
          "assetId": "BH8tEnR8nWZ9",
          "checksum": "6d0ae92ac283c516e11945822a6ac852"
        },
        {
          "type": "image",
          "assetId": "J-W9RJ1VFxBc",
          "checksum": "86c2810e50d79c165e3e1de0910b4a9b"
        },
        {
          "type": "image",
          "assetId": "i1tOrw-iUMDg",
          "checksum": "a395fa3593d80ee81f0df44c15160187"
        },
        {
          "type": "image",
          "assetId": "tgeRvELb66ny",
          "checksum": "c124229feffd1e5c3ddd77f50b127b8f"
        },
        {
          "type": "image",
          "assetId": "ntRuW3OSLl89",
          "checksum": "f1e5b746635bd4e3b354cd2a384c03ff"
        },
        {
          "type": "image",
          "assetId": "ECoA7jqHd4bQ",
          "checksum": "2ffa6011d691a0df1c76643337609885"
        },
        {
          "type": "image",
          "assetId": "zK_MpmgQTohg",
          "checksum": "c822701541393c7a0b44248d1938ff9a"
        },
        {
          "type": "image",
          "assetId": "3hVEOQNCmAS-",
          "checksum": "d0bf51dfa717c269c6289bc65464429d"
        },
        {
          "type": "image",
          "assetId": "cUp0sIqO5ayU",
          "checksum": "5b063f328c1ae76ba1142168cea4652b"
        },
        {
          "type": "image",
          "assetId": "1ZiYg-VDgW0L",
          "checksum": "9e03e0e9be3f2e99688ec1055ca916c0"
        }
      ],
      "codegenVersion": "0.0.1"
    }
  ],
  "cliVersion": "0.1.327"
}
